<Solution>
  <Project Path="Codefix.AIPlayGround.AppHost/Codefix.AIPlayGround.AppHost.csproj" />
  <Project Path="Codefix.AIPlayGround.ServiceDefaults/Codefix.AIPlayGround.ServiceDefaults.csproj" />
  <Project Path="Codefix.AIPlayGround/Codefix.AIPlayGround.Client/Codefix.AIPlayGround.Client.csproj" />
  <Project Path="Codefix.AIPlayGround/Codefix.AIPlayGround/Codefix.AIPlayGround.csproj" />
</Solution>
